
Microsoft Visual Studio Solution File, Format Version 12.00
# Visual Studio 15
VisualStudioVersion = 15.0.27703.2000
MinimumVisualStudioVersion = 10.0.40219.1
Project("{FAE04EC0-301F-11D3-BF4B-00C04F79EFBC}") = "Maonot", "Maonot\Maonot.csproj", "{3150EB91-0A1C-4E62-94E8-91F5613F5226}"
EndProject
Global
	GlobalSection(SolutionConfigurationPlatforms) = preSolution
		Debug|Any CPU = Debug|Any CPU
		Release|Any CPU = Release|Any CPU
	EndGlobalSection
	GlobalSection(ProjectConfigurationPlatforms) = postSolution
		{3150EB91-0A1C-4E62-94E8-91F5613F5226}.Debug|Any CPU.ActiveCfg = Debug|Any CPU
		{3150EB91-0A1C-4E62-94E8-91F5613F5226}.Debug|Any CPU.Build.0 = Debug|Any CPU
		{3150EB91-0A1C-4E62-94E8-91F5613F5226}.Release|Any CPU.ActiveCfg = Release|Any CPU
		{3150EB91-0A1C-4E62-94E8-91F5613F5226}.Release|Any CPU.Build.0 = Release|Any CPU
	EndGlobalSection
	GlobalSection(SolutionProperties) = preSolution
		HideSolutionNode = FALSE
	EndGlobalSection
	GlobalSection(ExtensibilityGlobals) = postSolution
		SolutionGuid = {8CD0EB00-5A65-4208-8A12-A47C702DC520}
	EndGlobalSection
EndGlobal
